// !$*UTF8*$!
{
	archiveVersion = 1;
	classes = {
	};
	objectVersion = 46;
	objects = {

/* Begin PBXBuildFile section */
		5012C2BB1963381300E678ED /* AppDelegate.swift in Sources */ = {isa = PBXBuildFile; fileRef = 5012C2BA1963381300E678ED /* AppDelegate.swift */; };
		5012C2BE1963381300E678ED /* yellball.xcdatamodeld in Sources */ = {isa = PBXBuildFile; fileRef = 5012C2BC1963381300E678ED /* yellball.xcdatamodeld */; };
		5012C2C01963381300E678ED /* ViewController.swift in Sources */ = {isa = PBXBuildFile; fileRef = 5012C2BF1963381300E678ED /* ViewController.swift */; };
		5012C2C31963381300E678ED /* Main.storyboard in Resources */ = {isa = PBXBuildFile; fileRef = 5012C2C11963381300E678ED /* Main.storyboard */; };
		5012C2C51963381300E678ED /* Images.xcassets in Resources */ = {isa = PBXBuildFile; fileRef = 5012C2C41963381300E678ED /* Images.xcassets */; };
		5012C2D11963381300E678ED /* yellballTests.swift in Sources */ = {isa = PBXBuildFile; fileRef = 5012C2D01963381300E678ED /* yellballTests.swift */; };
/* End PBXBuildFile section */

/* Begin PBXContainerItemProxy section */
		5012C2CB1963381300E678ED /* PBXContainerItemProxy */ = {
			isa = PBXContainerItemProxy;
			containerPortal = 5012C2AD1963381300E678ED /* Project object */;
			proxyType = 1;
			remoteGlobalIDString = 5012C2B41963381300E678ED;
			remoteInfo = yellball;
		};
/* End PBXContainerItemProxy section */

/* Begin PBXFileReference section */
		5012C2B51963381300E678ED /* yellball.app */ = {isa = PBXFileReference; explicitFileType = wrapper.application; includeInIndex = 0; path = yellball.app; sourceTree = BUILT_PRODUCTS_DIR; };
		5012C2B91963381300E678ED /* Info.plist */ = {isa = PBXFileReference; lastKnownFileType = text.plist.xml; path = Info.plist; sourceTree = "<group>"; };
		5012C2BA1963381300E678ED /* AppDelegate.swift */ = {isa = PBXFileReference; lastKnownFileType = sourcecode.swift; path = AppDelegate.swift; sourceTree = "<group>"; };
		5012C2BD1963381300E678ED /* yellball.xcdatamodel */ = {isa = PBXFileReference; lastKnownFileType = wrapper.xcdatamodel; path = yellball.xcdatamodel; sourceTree = "<group>"; };
		5012C2BF1963381300E678ED /* ViewController.swift */ = {isa = PBXFileReference; lastKnownFileType = sourcecode.swift; path = ViewController.swift; sourceTree = "<group>"; };
		5012C2C21963381300E678ED /* Base */ = {isa = PBXFileReference; lastKnownFileType = file.storyboard; name = Base; path = Base.lproj/Main.storyboard; sourceTree = "<group>"; };
		5012C2C41963381300E678ED /* Images.xcassets */ = {isa = PBXFileReference; lastKnownFileType = folder.assetcatalog; path = Images.xcassets; sourceTree = "<group>"; };
		5012C2CA1963381300E678ED /* yellballTests.xctest */ = {isa = PBXFileReference; explicitFileType = wrapper.cfbundle; includeInIndex = 0; path = yellballTests.xctest; sourceTree = BUILT_PRODUCTS_DIR; };
		5012C2CF1963381300E678ED /* Info.plist */ = {isa = PBXFileReference; lastKnownFileType = text.plist.xml; path = Info.plist; sourceTree = "<group>"; };
		5012C2D01963381300E678ED /* yellballTests.swift */ = {isa = PBXFileReference; lastKnownFileType = sourcecode.swift; path = yellballTests.swift; sourceTree = "<group>"; };
/* End PBXFileReference section */

/* Begin PBXFrameworksBuildPhase section */
		5012C2B21963381300E678ED /* Frameworks */ = {
			isa = PBXFrameworksBuildPhase;
			buildActionMask = 2147483647;
			files = (
			);
			runOnlyForDeploymentPostprocessing = 0;
		};
		5012C2C71963381300E678ED /* Frameworks */ = {
			isa = PBXFrameworksBuildPhase;
			buildActionMask = 2147483647;
			files = (
			);
			runOnlyForDeploymentPostprocessing = 0;
		};
/* End PBXFrameworksBuildPhase section */

/* Begin PBXGroup section */
		5012C2AC1963381300E678ED = {
			isa = PBXGroup;
			children = (
				5012C2B71963381300E678ED /* yellball */,
				5012C2CD1963381300E678ED /* yellballTests */,
				5012C2B61963381300E678ED /* Products */,
			);
			sourceTree = "<group>";
		};
		5012C2B61963381300E678ED /* Products */ = {
			isa = PBXGroup;
			children = (
				5012C2B51963381300E678ED /* yellball.app */,
				5012C2CA1963381300E678ED /* yellballTests.xctest */,
			);
			name = Products;
			sourceTree = "<group>";
		};
		5012C2B71963381300E678ED /* yellball */ = {
			isa = PBXGroup;
			children = (
				5012C2BA1963381300E678ED /* AppDelegate.swift */,
				5012C2BF1963381300E678ED /* ViewController.swift */,
				5012C2C11963381300E678ED /* Main.storyboard */,
				5012C2C41963381300E678ED /* Images.xcassets */,
				5012C2BC1963381300E678ED /* yellball.xcdatamodeld */,
				5012C2B81963381300E678ED /* Supporting Files */,
			);
			path = yellball;
			sourceTree = "<group>";
		};
		5012C2B81963381300E678ED /* Supporting Files */ = {
			isa = PBXGroup;
			children = (
				5012C2B91963381300E678ED /* Info.plist */,
			);
			name = "Supporting Files";
			sourceTree = "<group>";
		};
		5012C2CD1963381300E678ED /* yellballTests */ = {
			isa = PBXGroup;
			children = (
				5012C2D01963381300E678ED /* yellballTests.swift */,
				5012C2CE1963381300E678ED /* Supporting Files */,
			);
			path = yellballTests;
			sourceTree = "<group>";
		};
		5012C2CE1963381300E678ED /* Supporting Files */ = {
			isa = PBXGroup;
			children = (
				5012C2CF1963381300E678ED /* Info.plist */,
			);
			name = "Supporting Files";
			sourceTree = "<group>";
		};
/* End PBXGroup section */

/* Begin PBXNativeTarget section */
		5012C2B41963381300E678ED /* yellball */ = {
			isa = PBXNativeTarget;
			buildConfigurationList = 5012C2D41963381300E678ED /* Build configuration list for PBXNativeTarget "yellball" */;
			buildPhases = (
				5012C2B11963381300E678ED /* Sources */,
				5012C2B21963381300E678ED /* Frameworks */,
				5012C2B31963381300E678ED /* Resources */,
			);
			buildRules = (
			);
			dependencies = (
			);
			name = yellball;
			productName = yellball;
			productReference = 5012C2B51963381300E678ED /* yellball.app */;
			productType = "com.apple.product-type.application";
		};
		5012C2C91963381300E678ED /* yellballTests */ = {
			isa = PBXNativeTarget;
			buildConfigurationList = 5012C2D71963381300E678ED /* Build configuration list for PBXNativeTarget "yellballTests" */;
			buildPhases = (
				5012C2C61963381300E678ED /* Sources */,
				5012C2C71963381300E678ED /* Frameworks */,
				5012C2C81963381300E678ED /* Resources */,
			);
			buildRules = (
			);
			dependencies = (
				5012C2CC1963381300E678ED /* PBXTargetDependency */,
			);
			name = yellballTests;
			productName = yellballTests;
			productReference = 5012C2CA1963381300E678ED /* yellballTests.xctest */;
			productType = "com.apple.product-type.bundle.unit-test";
		};
/* End PBXNativeTarget section */

/* Begin PBXProject section */
		5012C2AD1963381300E678ED /* Project object */ = {
			isa = PBXProject;
			attributes = {
				LastUpgradeCheck = 0600;
				ORGANIZATIONNAME = MobiHabi;
				TargetAttributes = {
					5012C2B41963381300E678ED = {
						CreatedOnToolsVersion = 6.0;
					};
					5012C2C91963381300E678ED = {
						CreatedOnToolsVersion = 6.0;
						TestTargetID = 5012C2B41963381300E678ED;
					};
				};
			};
			buildConfigurationList = 5012C2B01963381300E678ED /* Build configuration list for PBXProject "yellball" */;
			compatibilityVersion = "Xcode 3.2";
			developmentRegion = English;
			hasScannedForEncodings = 0;
			knownRegions = (
				en,
				Base,
			);
			mainGroup = 5012C2AC1963381300E678ED;
			productRefGroup = 5012C2B61963381300E678ED /* Products */;
			projectDirPath = "";
			projectRoot = "";
			targets = (
				5012C2B41963381300E678ED /* yellball */,
				5012C2C91963381300E678ED /* yellballTests */,
			);
		};
/* End PBXProject section */

/* Begin PBXResourcesBuildPhase section */
		5012C2B31963381300E678ED /* Resources */ = {
			isa = PBXResourcesBuildPhase;
			buildActionMask = 2147483647;
			files = (
				5012C2C31963381300E678ED /* Main.storyboard in Resources */,
				5012C2C51963381300E678ED /* Images.xcassets in Resources */,
			);
			runOnlyForDeploymentPostprocessing = 0;
		};
		5012C2C81963381300E678ED /* Resources */ = {
			isa = PBXResourcesBuildPhase;
			buildActionMask = 2147483647;
			files = (
			);
			runOnlyForDeploymentPostprocessing = 0;
		};
/* End PBXResourcesBuildPhase section */

/* Begin PBXSourcesBuildPhase section */
		5012C2B11963381300E678ED /* Sources */ = {
			isa = PBXSourcesBuildPhase;
			buildActionMask = 2147483647;
			files = (
				5012C2C01963381300E678ED /* ViewController.swift in Sources */,
				5012C2BE1963381300E678ED /* yellball.xcdatamodeld in Sources */,
				5012C2BB1963381300E678ED /* AppDelegate.swift in Sources */,
			);
			runOnlyForDeploymentPostprocessing = 0;
		};
		5012C2C61963381300E678ED /* Sources */ = {
			isa = PBXSourcesBuildPhase;
			buildActionMask = 2147483647;
			files = (
				5012C2D11963381300E678ED /* yellballTests.swift in Sources */,
			);
			runOnlyForDeploymentPostprocessing = 0;
		};
/* End PBXSourcesBuildPhase section */

/* Begin PBXTargetDependency section */
		5012C2CC1963381300E678ED /* PBXTargetDependency */ = {
			isa = PBXTargetDependency;
			target = 5012C2B41963381300E678ED /* yellball */;
			targetProxy = 5012C2CB1963381300E678ED /* PBXContainerItemProxy */;
		};
/* End PBXTargetDependency section */

/* Begin PBXVariantGroup section */
		5012C2C11963381300E678ED /* Main.storyboard */ = {
			isa = PBXVariantGroup;
			children = (
				5012C2C21963381300E678ED /* Base */,
			);
			name = Main.storyboard;
			sourceTree = "<group>";
		};
/* End PBXVariantGroup section */

/* Begin XCBuildConfiguration section */
		5012C2D21963381300E678ED /* Debug */ = {
			isa = XCBuildConfiguration;
			buildSettings = {
				ALWAYS_SEARCH_USER_PATHS = NO;
				CLANG_CXX_LANGUAGE_STANDARD = "gnu++0x";
				CLANG_CXX_LIBRARY = "libc++";
				CLANG_ENABLE_MODULES = YES;
				CLANG_ENABLE_OBJC_ARC = YES;
				CLANG_WARN_BOOL_CONVERSION = YES;
				CLANG_WARN_CONSTANT_CONVERSION = YES;
				CLANG_WARN_DIRECT_OBJC_ISA_USAGE = YES_ERROR;
				CLANG_WARN_EMPTY_BODY = YES;
				CLANG_WARN_ENUM_CONVERSION = YES;
				CLANG_WARN_INT_CONVERSION = YES;
				CLANG_WARN_OBJC_ROOT_CLASS = YES_ERROR;
				CLANG_WARN_UNREACHABLE_CODE = YES;
				CLANG_WARN__DUPLICATE_METHOD_MATCH = YES;
				"CODE_SIGN_IDENTITY[sdk=iphoneos*]" = "iPhone Developer";
				COPY_PHASE_STRIP = NO;
				ENABLE_STRICT_OBJC_MSGSEND = YES;
				GCC_C_LANGUAGE_STANDARD = gnu99;
				GCC_DYNAMIC_NO_PIC = NO;
				GCC_OPTIMIZATION_LEVEL = 0;
				GCC_PREPROCESSOR_DEFINITIONS = (
					"DEBUG=1",
					"$(inherited)",
				);
				GCC_SYMBOLS_PRIVATE_EXTERN = NO;
				GCC_WARN_64_TO_32_BIT_CONVERSION = YES;
				GCC_WARN_ABOUT_RETURN_TYPE = YES_ERROR;
				GCC_WARN_UNDECLARED_SELECTOR = YES;
				GCC_WARN_UNINITIALIZED_AUTOS = YES_AGGRESSIVE;
				GCC_WARN_UNUSED_FUNCTION = YES;
				GCC_WARN_UNUSED_VARIABLE = YES;
				IPHONEOS_DEPLOYMENT_TARGET = 8.0;
				METAL_ENABLE_DEBUG_INFO = YES;
				ONLY_ACTIVE_ARCH = YES;
				SDKROOT = iphoneos;
				SWIFT_OPTIMIZATION_LEVEL = "-Onone";
				TARGETED_DEVICE_FAMILY = "1,2";
			};
			name = Debug;
		};
		5012C2D31963381300E678ED /* Release */ = {
			isa = XCBuildConfiguration;
			buildSettings = {
				ALWAYS_SEARCH_USER_PATHS = NO;
				CLANG_CXX_LANGUAGE_STANDARD = "gnu++0x";
				CLANG_CXX_LIBRARY = "libc++";
				CLANG_ENABLE_MODULES = YES;
				CLANG_ENABLE_OBJC_ARC = YES;
				CLANG_WARN_BOOL_CONVERSION = YES;
				CLANG_WARN_CONSTANT_CONVERSION = YES;
				CLANG_WARN_DIRECT_OBJC_ISA_USAGE = YES_ERROR;
				CLANG_WARN_EMPTY_BODY = YES;
				CLANG_WARN_ENUM_CONVERSION = YES;
				CLANG_WARN_INT_CONVERSION = YES;
				CLANG_WARN_OBJC_ROOT_CLASS = YES_ERROR;
				CLANG_WARN_UNREACHABLE_CODE = YES;
				CLANG_WARN__DUPLICATE_METHOD_MATCH = YES;
				"CODE_SIGN_IDENTITY[sdk=iphoneos*]" = "iPhone Developer";
				COPY_PHASE_STRIP = YES;
				ENABLE_NS_ASSERTIONS = NO;
				ENABLE_STRICT_OBJC_MSGSEND = YES;
				GCC_C_LANGUAGE_STANDARD = gnu99;
				GCC_WARN_64_TO_32_BIT_CONVERSION = YES;
				GCC_WARN_ABOUT_RETURN_TYPE = YES_ERROR;
				GCC_WARN_UNDECLARED_SELECTOR = YES;
				GCC_WARN_UNINITIALIZED_AUTOS = YES_AGGRESSIVE;
				GCC_WARN_UNUSED_FUNCTION = YES;
				GCC_WARN_UNUSED_VARIABLE = YES;
				IPHONEOS_DEPLOYMENT_TARGET = 8.0;
				METAL_ENABLE_DEBUG_INFO = NO;
				SDKROOT = iphoneos;
				TARGETED_DEVICE_FAMILY = "1,2";
				VALIDATE_PRODUCT = YES;
			};
			name = Release;
		};
		5012C2D51963381300E678ED /* Debug */ = {
			isa = XCBuildConfiguration;
			buildSettings = {
				ASSETCATALOG_COMPILER_APPICON_NAME = AppIcon;
				ASSETCATALOG_COMPILER_LAUNCHIMAGE_NAME = LaunchImage;
				INFOPLIST_FILE = yellball/Info.plist;
				LD_RUNPATH_SEARCH_PATHS = "$(inherited) @executable_path/Frameworks";
				PRODUCT_NAME = "$(TARGET_NAME)";
			};
			name = Debug;
		};
		5012C2D61963381300E678ED /* Release */ = {
			isa = XCBuildConfiguration;
			buildSettings = {
				ASSETCATALOG_COMPILER_APPICON_NAME = AppIcon;
				ASSETCATALOG_COMPILER_LAUNCHIMAGE_NAME = LaunchImage;
				INFOPLIST_FILE = yellball/Info.plist;
				LD_RUNPATH_SEARCH_PATHS = "$(inherited) @executable_path/Frameworks";
				PRODUCT_NAME = "$(TARGET_NAME)";
			};
			name = Release;
		};
		5012C2D81963381300E678ED /* Debug */ = {
			isa = XCBuildConfiguration;
			buildSettings = {
				BUNDLE_LOADER = "$(BUILT_PRODUCTS_DIR)/yellball.app/yellball";
				FRAMEWORK_SEARCH_PATHS = (
					"$(SDKROOT)/Developer/Library/Frameworks",
					"$(inherited)",
				);
				GCC_PREPROCESSOR_DEFINITIONS = (
					"DEBUG=1",
					"$(inherited)",
				);
				INFOPLIST_FILE = yellballTests/Info.plist;
				LD_RUNPATH_SEARCH_PATHS = "$(inherited) @executable_path/Frameworks @loader_path/Frameworks";
				METAL_ENABLE_DEBUG_INFO = YES;
				PRODUCT_NAME = "$(TARGET_NAME)";
				TEST_HOST = "$(BUNDLE_LOADER)";
			};
			name = Debug;
		};
		5012C2D91963381300E678ED /* Release */ = {
			isa = XCBuildConfiguration;
			buildSettings = {
				BUNDLE_LOADER = "$(BUILT_PRODUCTS_DIR)/yellball.app/yellball";
				FRAMEWORK_SEARCH_PATHS = (
					"$(SDKROOT)/Developer/Library/Frameworks",
					"$(inherited)",
				);
				INFOPLIST_FILE = yellballTests/Info.plist;
				LD_RUNPATH_SEARCH_PATHS = "$(inherited) @executable_path/Frameworks @loader_path/Frameworks";
				METAL_ENABLE_DEBUG_INFO = NO;
				PRODUCT_NAME = "$(TARGET_NAME)";
				TEST_HOST = "$(BUNDLE_LOADER)";
			};
			name = Release;
		};
/* End XCBuildConfiguration section */

/* Begin XCConfigurationList section */
		5012C2B01963381300E678ED /* Build configuration list for PBXProject "yellball" */ = {
			isa = XCConfigurationList;
			buildConfigurations = (
				5012C2D21963381300E678ED /* Debug */,
				5012C2D31963381300E678ED /* Release */,
			);
			defaultConfigurationIsVisible = 0;
			defaultConfigurationName = Release;
		};
		5012C2D41963381300E678ED /* Build configuration list for PBXNativeTarget "yellball" */ = {
			isa = XCConfigurationList;
			buildConfigurations = (
				5012C2D51963381300E678ED /* Debug */,
				5012C2D61963381300E678ED /* Release */,
			);
			defaultConfigurationIsVisible = 0;
		};
		5012C2D71963381300E678ED /* Build configuration list for PBXNativeTarget "yellballTests" */ = {
			isa = XCConfigurationList;
			buildConfigurations = (
				5012C2D81963381300E678ED /* Debug */,
				5012C2D91963381300E678ED /* Release */,
			);
			defaultConfigurationIsVisible = 0;
		};
/* End XCConfigurationList section */

/* Begin XCVersionGroup section */
		5012C2BC1963381300E678ED /* yellball.xcdatamodeld */ = {
			isa = XCVersionGroup;
			children = (
				5012C2BD1963381300E678ED /* yellball.xcdatamodel */,
			);
			currentVersion = 5012C2BD1963381300E678ED /* yellball.xcdatamodel */;
			path = yellball.xcdatamodeld;
			sourceTree = "<group>";
			versionGroupType = wrapper.xcdatamodel;
		};
/* End XCVersionGroup section */
	};
	rootObject = 5012C2AD1963381300E678ED /* Project object */;
}
